<?xml version="1.0" encoding="utf-8"?>
<Project ToolsVersion="4.0" xmlns="http://schemas.microsoft.com/developer/msbuild/2003">
  <ItemGroup>
    <Filter Include="Source Files">
      <UniqueIdentifier>{4FC737F1-C7A5-4376-A066-2A32D752A2FF}</UniqueIdentifier>
      <Extensions>cpp;c;cc;cxx;def;odl;idl;hpj;bat;asm;asmx</Extensions>
    </Filter>
    <Filter Include="Header Files">
      <UniqueIdentifier>{93995380-89BD-4b04-88EB-625FBE52EBFB}</UniqueIdentifier>
      <Extensions>h;hh;hpp;hxx;hm;inl;inc;xsd</Extensions>
    </Filter>
    <Filter Include="Resource Files">
      <UniqueIdentifier>{67DA6AB6-F800-4c08-8B7A-83BB121AAD01}</UniqueIdentifier>
      <Extensions>rc;ico;cur;bmp;dlg;rc2;rct;bin;rgs;gif;jpg;jpeg;jpe;resx;tiff;tif;png;wav;mfcribbon-ms</Extensions>
    </Filter>
    <Filter Include="Header Files\lib">
      <UniqueIdentifier>{ed3e3193-5c42-4e18-a729-c0e5f67596cb}</UniqueIdentifier>
    </Filter>
  </ItemGroup>
  <ItemGroup>
    <ClCompile Include="src\main.cpp">
      <Filter>Source Files</Filter>
    </ClCompile>
    <ClCompile Include="src\Graphics\Renderer.cpp">
      <Filter>Source Files</Filter>
    </ClCompile>
    <ClCompile Include="src\Graphics\Window.cpp">
      <Filter>Source Files</Filter>
    </ClCompile>
    <ClCompile Include="src\Graphics\VertexBufferDefinition.cpp">
      <Filter>Source Files</Filter>
    </ClCompile>
    <ClCompile Include="src\Graphics\VertexBuffer.cpp">
      <Filter>Source Files</Filter>
    </ClCompile>
    <ClCompile Include="src\Sprites\SpriteMap.cpp">
      <Filter>Source Files</Filter>
    </ClCompile>
    <ClCompile Include="src\Sprites\Sprite.cpp">
      <Filter>Source Files</Filter>
    </ClCompile>
    <ClCompile Include="src\Sprites\SpriteAtlas.cpp">
      <Filter>Source Files</Filter>
    </ClCompile>
    <ClCompile Include="src\Sprites\SpriteAtlasPart.cpp">
      <Filter>Source Files</Filter>
    </ClCompile>
    <ClCompile Include="src\Sprites\SpriteAnimation.cpp">
      <Filter>Source Files</Filter>
    </ClCompile>
    <ClCompile Include="src\Util\FileUtils.cpp">
      <Filter>Source Files</Filter>
    </ClCompile>
    <ClCompile Include="src\Util\StringUtils.cpp">
      <Filter>Source Files</Filter>
    </ClCompile>
    <ClCompile Include="src\lib\SimpleFileWatcher\FileWatcher.cpp">
      <Filter>Source Files</Filter>
    </ClCompile>
    <ClCompile Include="src\lib\SimpleFileWatcher\FileWatcherWin32.cpp">
      <Filter>Source Files</Filter>
    </ClCompile>
    <ClCompile Include="src\Graphics\Shaders\VertexShader.cpp">
      <Filter>Source Files</Filter>
    </ClCompile>
    <ClCompile Include="src\Graphics\Shaders\PixelShader.cpp">
      <Filter>Source Files</Filter>
    </ClCompile>
    <ClCompile Include="src\Graphics\Shaders\SpriteShader.cpp">
      <Filter>Source Files</Filter>
    </ClCompile>
    <ClCompile Include="include\lib\glm\detail\dummy.cpp">
      <Filter>Source Files</Filter>
    </ClCompile>
    <ClCompile Include="include\lib\glm\detail\glm.cpp">
      <Filter>Source Files</Filter>
    </ClCompile>
    <ClCompile Include="src\Input\KeyboardState.cpp">
      <Filter>Source Files</Filter>
    </ClCompile>
    <ClCompile Include="src\Input\MouseState.cpp">
      <Filter>Source Files</Filter>
    </ClCompile>
    <ClCompile Include="src\Graphics\Camera.cpp">
      <Filter>Source Files</Filter>
    </ClCompile>
    <ClCompile Include="src\Sprites\SpriteBatch.cpp">
      <Filter>Source Files</Filter>
    </ClCompile>
    <ClCompile Include="src\Game\Factory.cpp">
      <Filter>Source Files</Filter>
    </ClCompile>
    <ClCompile Include="src\Game\Item.cpp">
      <Filter>Source Files</Filter>
    </ClCompile>
    <ClCompile Include="src\Game\Data\ItemData.cpp">
      <Filter>Source Files</Filter>
    </ClCompile>
    <ClCompile Include="src\Game\Entities\PlayerEntity.cpp">
      <Filter>Source Files</Filter>
    </ClCompile>
    <ClCompile Include="src\Game\Entities\ItemEntity.cpp">
      <Filter>Source Files</Filter>
    </ClCompile>
    <ClCompile Include="src\Game\Entities\MachineEntity.cpp">
      <Filter>Source Files</Filter>
    </ClCompile>
    <ClCompile Include="src\Game\Entities\Entity.cpp">
      <Filter>Source Files</Filter>
    </ClCompile>
    <ClCompile Include="src\Graphics\Texture.cpp">
      <Filter>Source Files</Filter>
    </ClCompile>
    <ClCompile Include="src\Resources\Catalogs\SpriteAtlasCatalog.cpp">
      <Filter>Source Files</Filter>
    </ClCompile>
    <ClCompile Include="src\Resources\Catalogs\TextureCatalog.cpp">
      <Filter>Source Files</Filter>
    </ClCompile>
    <ClCompile Include="src\Input\Clock.cpp">
      <Filter>Source Files</Filter>
    </ClCompile>
    <ClCompile Include="src\Sprites\SpriteAnimator.cpp">
      <Filter>Source Files</Filter>
    </ClCompile>
    <ClCompile Include="src\Input\Timer.cpp">
      <Filter>Source Files</Filter>
    </ClCompile>
    <ClCompile Include="src\Resources\Catalogs\SpriteAnimationCatalog.cpp">
      <Filter>Source Files</Filter>
    </ClCompile>
    <ClCompile Include="src\Sprites\SpriteBatcher.cpp">
      <Filter>Source Files</Filter>
    </ClCompile>
    <ClCompile Include="src\Game\Data\MachineData.cpp">
      <Filter>Source Files</Filter>
    </ClCompile>
    <ClCompile Include="src\Game\Data\Recipe.cpp">
      <Filter>Source Files</Filter>
    </ClCompile>
  </ItemGroup>
  <ItemGroup>
    <ClInclude Include="include\Graphics\Renderer.h">
      <Filter>Header Files</Filter>
    </ClInclude>
    <ClInclude Include="include\Graphics\Window.h">
      <Filter>Header Files</Filter>
    </ClInclude>
    <ClInclude Include="include\Graphics\VertexBufferDefinition.h">
      <Filter>Header Files</Filter>
    </ClInclude>
    <ClInclude Include="include\Sprites\SpriteMap.h">
      <Filter>Header Files</Filter>
    </ClInclude>
    <ClInclude Include="include\Sprites\Sprite.h">
      <Filter>Header Files</Filter>
    </ClInclude>
    <ClInclude Include="include\Sprites\SpriteAtlas.h">
      <Filter>Header Files</Filter>
    </ClInclude>
    <ClInclude Include="include\Sprites\SpriteAtlasPart.h">
      <Filter>Header Files</Filter>
    </ClInclude>
    <ClInclude Include="include\Sprites\SpriteAnimation.h">
      <Filter>Header Files</Filter>
    </ClInclude>
    <ClInclude Include="include\Util\FileUtils.h">
      <Filter>Header Files</Filter>
    </ClInclude>
    <ClInclude Include="include\Util\StringUtils.h">
      <Filter>Header Files</Filter>
    </ClInclude>
    <ClInclude Include="include\lib\SimpleFileWatcher\FileWatcher.h">
      <Filter>Header Files</Filter>
    </ClInclude>
    <ClInclude Include="include\lib\SimpleFileWatcher\FileWatcherImpl.h">
      <Filter>Header Files</Filter>
    </ClInclude>
    <ClInclude Include="include\lib\SimpleFileWatcher\FileWatcherWin32.h">
      <Filter>Header Files</Filter>
    </ClInclude>
    <ClInclude Include="include\lib\stb_image\stb_image.h">
      <Filter>Header Files</Filter>
    </ClInclude>
    <ClInclude Include="include\Graphics\Shaders\VertexShader.h">
      <Filter>Header Files</Filter>
    </ClInclude>
    <ClInclude Include="include\Graphics\Shaders\PixelShader.h">
      <Filter>Header Files</Filter>
    </ClInclude>
    <ClInclude Include="include\Graphics\VertexBuffer.h">
      <Filter>Header Files</Filter>
    </ClInclude>
    <ClInclude Include="include\Graphics\Shaders\SpriteShader.h">
      <Filter>Header Files</Filter>
    </ClInclude>
    <ClInclude Include="include\lib\glm\detail\_features.hpp">
      <Filter>Header Files</Filter>
    </ClInclude>
    <ClInclude Include="include\lib\glm\detail\_fixes.hpp">
      <Filter>Header Files</Filter>
    </ClInclude>
    <ClInclude Include="include\lib\glm\detail\_noise.hpp">
      <Filter>Header Files</Filter>
    </ClInclude>
    <ClInclude Include="include\lib\glm\detail\_swizzle.hpp">
      <Filter>Header Files</Filter>
    </ClInclude>
    <ClInclude Include="include\lib\glm\detail\_swizzle_func.hpp">
      <Filter>Header Files</Filter>
    </ClInclude>
    <ClInclude Include="include\lib\glm\detail\_vectorize.hpp">
      <Filter>Header Files</Filter>
    </ClInclude>
    <ClInclude Include="include\lib\glm\detail\func_common.hpp">
      <Filter>Header Files</Filter>
    </ClInclude>
    <ClInclude Include="include\lib\glm\detail\func_exponential.hpp">
      <Filter>Header Files</Filter>
    </ClInclude>
    <ClInclude Include="include\lib\glm\detail\func_geometric.hpp">
      <Filter>Header Files</Filter>
    </ClInclude>
    <ClInclude Include="include\lib\glm\detail\func_integer.hpp">
      <Filter>Header Files</Filter>
    </ClInclude>
    <ClInclude Include="include\lib\glm\detail\func_matrix.hpp">
      <Filter>Header Files</Filter>
    </ClInclude>
    <ClInclude Include="include\lib\glm\detail\func_packing.hpp">
      <Filter>Header Files</Filter>
    </ClInclude>
    <ClInclude Include="include\lib\glm\detail\func_trigonometric.hpp">
      <Filter>Header Files</Filter>
    </ClInclude>
    <ClInclude Include="include\lib\glm\detail\func_vector_relational.hpp">
      <Filter>Header Files</Filter>
    </ClInclude>
    <ClInclude Include="include\lib\glm\detail\precision.hpp">
      <Filter>Header Files</Filter>
    </ClInclude>
    <ClInclude Include="include\lib\glm\detail\setup.hpp">
      <Filter>Header Files</Filter>
    </ClInclude>
    <ClInclude Include="include\lib\glm\detail\type_float.hpp">
      <Filter>Header Files</Filter>
    </ClInclude>
    <ClInclude Include="include\lib\glm\detail\type_gentype.hpp">
      <Filter>Header Files</Filter>
    </ClInclude>
    <ClInclude Include="include\lib\glm\detail\type_half.hpp">
      <Filter>Header Files</Filter>
    </ClInclude>
    <ClInclude Include="include\lib\glm\detail\type_int.hpp">
      <Filter>Header Files</Filter>
    </ClInclude>
    <ClInclude Include="include\lib\glm\detail\type_mat.hpp">
      <Filter>Header Files</Filter>
    </ClInclude>
    <ClInclude Include="include\lib\glm\detail\type_mat2x2.hpp">
      <Filter>Header Files</Filter>
    </ClInclude>
    <ClInclude Include="include\lib\glm\detail\type_mat2x3.hpp">
      <Filter>Header Files</Filter>
    </ClInclude>
    <ClInclude Include="include\lib\glm\detail\type_mat2x4.hpp">
      <Filter>Header Files</Filter>
    </ClInclude>
    <ClInclude Include="include\lib\glm\detail\type_mat3x2.hpp">
      <Filter>Header Files</Filter>
    </ClInclude>
    <ClInclude Include="include\lib\glm\detail\type_mat3x3.hpp">
      <Filter>Header Files</Filter>
    </ClInclude>
    <ClInclude Include="include\lib\glm\detail\type_mat3x4.hpp">
      <Filter>Header Files</Filter>
    </ClInclude>
    <ClInclude Include="include\lib\glm\detail\type_mat4x2.hpp">
      <Filter>Header Files</Filter>
    </ClInclude>
    <ClInclude Include="include\lib\glm\detail\type_mat4x3.hpp">
      <Filter>Header Files</Filter>
    </ClInclude>
    <ClInclude Include="include\lib\glm\detail\type_mat4x4.hpp">
      <Filter>Header Files</Filter>
    </ClInclude>
    <ClInclude Include="include\lib\glm\detail\type_vec.hpp">
      <Filter>Header Files</Filter>
    </ClInclude>
    <ClInclude Include="include\lib\glm\detail\type_vec1.hpp">
      <Filter>Header Files</Filter>
    </ClInclude>
    <ClInclude Include="include\lib\glm\detail\type_vec2.hpp">
      <Filter>Header Files</Filter>
    </ClInclude>
    <ClInclude Include="include\lib\glm\detail\type_vec3.hpp">
      <Filter>Header Files</Filter>
    </ClInclude>
    <ClInclude Include="include\lib\glm\detail\type_vec4.hpp">
      <Filter>Header Files</Filter>
    </ClInclude>
    <ClInclude Include="include\lib\glm\gtc\bitfield.hpp">
      <Filter>Header Files</Filter>
    </ClInclude>
    <ClInclude Include="include\lib\glm\gtc\color_space.hpp">
      <Filter>Header Files</Filter>
    </ClInclude>
    <ClInclude Include="include\lib\glm\gtc\constants.hpp">
      <Filter>Header Files</Filter>
    </ClInclude>
    <ClInclude Include="include\lib\glm\gtc\epsilon.hpp">
      <Filter>Header Files</Filter>
    </ClInclude>
    <ClInclude Include="include\lib\glm\gtc\functions.hpp">
      <Filter>Header Files</Filter>
    </ClInclude>
    <ClInclude Include="include\lib\glm\gtc\integer.hpp">
      <Filter>Header Files</Filter>
    </ClInclude>
    <ClInclude Include="include\lib\glm\gtc\matrix_access.hpp">
      <Filter>Header Files</Filter>
    </ClInclude>
    <ClInclude Include="include\lib\glm\gtc\matrix_integer.hpp">
      <Filter>Header Files</Filter>
    </ClInclude>
    <ClInclude Include="include\lib\glm\gtc\matrix_inverse.hpp">
      <Filter>Header Files</Filter>
    </ClInclude>
    <ClInclude Include="include\lib\glm\gtc\matrix_transform.hpp">
      <Filter>Header Files</Filter>
    </ClInclude>
    <ClInclude Include="include\lib\glm\gtc\noise.hpp">
      <Filter>Header Files</Filter>
    </ClInclude>
    <ClInclude Include="include\lib\glm\gtc\packing.hpp">
      <Filter>Header Files</Filter>
    </ClInclude>
    <ClInclude Include="include\lib\glm\gtc\quaternion.hpp">
      <Filter>Header Files</Filter>
    </ClInclude>
    <ClInclude Include="include\lib\glm\gtc\random.hpp">
      <Filter>Header Files</Filter>
    </ClInclude>
    <ClInclude Include="include\lib\glm\gtc\reciprocal.hpp">
      <Filter>Header Files</Filter>
    </ClInclude>
    <ClInclude Include="include\lib\glm\gtc\round.hpp">
      <Filter>Header Files</Filter>
    </ClInclude>
    <ClInclude Include="include\lib\glm\gtc\type_aligned.hpp">
      <Filter>Header Files</Filter>
    </ClInclude>
    <ClInclude Include="include\lib\glm\gtc\type_precision.hpp">
      <Filter>Header Files</Filter>
    </ClInclude>
    <ClInclude Include="include\lib\glm\gtc\type_ptr.hpp">
      <Filter>Header Files</Filter>
    </ClInclude>
    <ClInclude Include="include\lib\glm\gtc\ulp.hpp">
      <Filter>Header Files</Filter>
    </ClInclude>
    <ClInclude Include="include\lib\glm\gtc\vec1.hpp">
      <Filter>Header Files</Filter>
    </ClInclude>
    <ClInclude Include="include\lib\glm\gtx\associated_min_max.hpp">
      <Filter>Header Files</Filter>
    </ClInclude>
    <ClInclude Include="include\lib\glm\gtx\bit.hpp">
      <Filter>Header Files</Filter>
    </ClInclude>
    <ClInclude Include="include\lib\glm\gtx\closest_point.hpp">
      <Filter>Header Files</Filter>
    </ClInclude>
    <ClInclude Include="include\lib\glm\gtx\color_space.hpp">
      <Filter>Header Files</Filter>
    </ClInclude>
    <ClInclude Include="include\lib\glm\gtx\color_space_YCoCg.hpp">
      <Filter>Header Files</Filter>
    </ClInclude>
    <ClInclude Include="include\lib\glm\gtx\common.hpp">
      <Filter>Header Files</Filter>
    </ClInclude>
    <ClInclude Include="include\lib\glm\gtx\compatibility.hpp">
      <Filter>Header Files</Filter>
    </ClInclude>
    <ClInclude Include="include\lib\glm\gtx\component_wise.hpp">
      <Filter>Header Files</Filter>
    </ClInclude>
    <ClInclude Include="include\lib\glm\gtx\dual_quaternion.hpp">
      <Filter>Header Files</Filter>
    </ClInclude>
    <ClInclude Include="include\lib\glm\gtx\euler_angles.hpp">
      <Filter>Header Files</Filter>
    </ClInclude>
    <ClInclude Include="include\lib\glm\gtx\extend.hpp">
      <Filter>Header Files</Filter>
    </ClInclude>
    <ClInclude Include="include\lib\glm\gtx\extended_min_max.hpp">
      <Filter>Header Files</Filter>
    </ClInclude>
    <ClInclude Include="include\lib\glm\gtx\fast_exponential.hpp">
      <Filter>Header Files</Filter>
    </ClInclude>
    <ClInclude Include="include\lib\glm\gtx\fast_square_root.hpp">
      <Filter>Header Files</Filter>
    </ClInclude>
    <ClInclude Include="include\lib\glm\gtx\fast_trigonometry.hpp">
      <Filter>Header Files</Filter>
    </ClInclude>
    <ClInclude Include="include\lib\glm\gtx\gradient_paint.hpp">
      <Filter>Header Files</Filter>
    </ClInclude>
    <ClInclude Include="include\lib\glm\gtx\handed_coordinate_space.hpp">
      <Filter>Header Files</Filter>
    </ClInclude>
    <ClInclude Include="include\lib\glm\gtx\hash.hpp">
      <Filter>Header Files</Filter>
    </ClInclude>
    <ClInclude Include="include\lib\glm\gtx\integer.hpp">
      <Filter>Header Files</Filter>
    </ClInclude>
    <ClInclude Include="include\lib\glm\gtx\intersect.hpp">
      <Filter>Header Files</Filter>
    </ClInclude>
    <ClInclude Include="include\lib\glm\gtx\io.hpp">
      <Filter>Header Files</Filter>
    </ClInclude>
    <ClInclude Include="include\lib\glm\gtx\log_base.hpp">
      <Filter>Header Files</Filter>
    </ClInclude>
    <ClInclude Include="include\lib\glm\gtx\matrix_cross_product.hpp">
      <Filter>Header Files</Filter>
    </ClInclude>
    <ClInclude Include="include\lib\glm\gtx\matrix_decompose.hpp">
      <Filter>Header Files</Filter>
    </ClInclude>
    <ClInclude Include="include\lib\glm\gtx\matrix_interpolation.hpp">
      <Filter>Header Files</Filter>
    </ClInclude>
    <ClInclude Include="include\lib\glm\gtx\matrix_major_storage.hpp">
      <Filter>Header Files</Filter>
    </ClInclude>
    <ClInclude Include="include\lib\glm\gtx\matrix_operation.hpp">
      <Filter>Header Files</Filter>
    </ClInclude>
    <ClInclude Include="include\lib\glm\gtx\matrix_query.hpp">
      <Filter>Header Files</Filter>
    </ClInclude>
    <ClInclude Include="include\lib\glm\gtx\matrix_transform_2d.hpp">
      <Filter>Header Files</Filter>
    </ClInclude>
    <ClInclude Include="include\lib\glm\gtx\mixed_product.hpp">
      <Filter>Header Files</Filter>
    </ClInclude>
    <ClInclude Include="include\lib\glm\gtx\norm.hpp">
      <Filter>Header Files</Filter>
    </ClInclude>
    <ClInclude Include="include\lib\glm\gtx\normal.hpp">
      <Filter>Header Files</Filter>
    </ClInclude>
    <ClInclude Include="include\lib\glm\gtx\normalize_dot.hpp">
      <Filter>Header Files</Filter>
    </ClInclude>
    <ClInclude Include="include\lib\glm\gtx\number_precision.hpp">
      <Filter>Header Files</Filter>
    </ClInclude>
    <ClInclude Include="include\lib\glm\gtx\optimum_pow.hpp">
      <Filter>Header Files</Filter>
    </ClInclude>
    <ClInclude Include="include\lib\glm\gtx\orthonormalize.hpp">
      <Filter>Header Files</Filter>
    </ClInclude>
    <ClInclude Include="include\lib\glm\gtx\perpendicular.hpp">
      <Filter>Header Files</Filter>
    </ClInclude>
    <ClInclude Include="include\lib\glm\gtx\polar_coordinates.hpp">
      <Filter>Header Files</Filter>
    </ClInclude>
    <ClInclude Include="include\lib\glm\gtx\projection.hpp">
      <Filter>Header Files</Filter>
    </ClInclude>
    <ClInclude Include="include\lib\glm\gtx\quaternion.hpp">
      <Filter>Header Files</Filter>
    </ClInclude>
    <ClInclude Include="include\lib\glm\gtx\range.hpp">
      <Filter>Header Files</Filter>
    </ClInclude>
    <ClInclude Include="include\lib\glm\gtx\raw_data.hpp">
      <Filter>Header Files</Filter>
    </ClInclude>
    <ClInclude Include="include\lib\glm\gtx\rotate_normalized_axis.hpp">
      <Filter>Header Files</Filter>
    </ClInclude>
    <ClInclude Include="include\lib\glm\gtx\rotate_vector.hpp">
      <Filter>Header Files</Filter>
    </ClInclude>
    <ClInclude Include="include\lib\glm\gtx\scalar_multiplication.hpp">
      <Filter>Header Files</Filter>
    </ClInclude>
    <ClInclude Include="include\lib\glm\gtx\scalar_relational.hpp">
      <Filter>Header Files</Filter>
    </ClInclude>
    <ClInclude Include="include\lib\glm\gtx\spline.hpp">
      <Filter>Header Files</Filter>
    </ClInclude>
    <ClInclude Include="include\lib\glm\gtx\std_based_type.hpp">
      <Filter>Header Files</Filter>
    </ClInclude>
    <ClInclude Include="include\lib\glm\gtx\string_cast.hpp">
      <Filter>Header Files</Filter>
    </ClInclude>
    <ClInclude Include="include\lib\glm\gtx\transform.hpp">
      <Filter>Header Files</Filter>
    </ClInclude>
    <ClInclude Include="include\lib\glm\gtx\transform2.hpp">
      <Filter>Header Files</Filter>
    </ClInclude>
    <ClInclude Include="include\lib\glm\gtx\type_aligned.hpp">
      <Filter>Header Files</Filter>
    </ClInclude>
    <ClInclude Include="include\lib\glm\gtx\type_trait.hpp">
      <Filter>Header Files</Filter>
    </ClInclude>
    <ClInclude Include="include\lib\glm\gtx\vector_angle.hpp">
      <Filter>Header Files</Filter>
    </ClInclude>
    <ClInclude Include="include\lib\glm\gtx\vector_query.hpp">
      <Filter>Header Files</Filter>
    </ClInclude>
    <ClInclude Include="include\lib\glm\gtx\wrap.hpp">
      <Filter>Header Files</Filter>
    </ClInclude>
    <ClInclude Include="include\lib\glm\simd\common.h">
      <Filter>Header Files</Filter>
    </ClInclude>
    <ClInclude Include="include\lib\glm\simd\exponential.h">
      <Filter>Header Files</Filter>
    </ClInclude>
    <ClInclude Include="include\lib\glm\simd\geometric.h">
      <Filter>Header Files</Filter>
    </ClInclude>
    <ClInclude Include="include\lib\glm\simd\integer.h">
      <Filter>Header Files</Filter>
    </ClInclude>
    <ClInclude Include="include\lib\glm\simd\matrix.h">
      <Filter>Header Files</Filter>
    </ClInclude>
    <ClInclude Include="include\lib\glm\simd\packing.h">
      <Filter>Header Files</Filter>
    </ClInclude>
    <ClInclude Include="include\lib\glm\simd\platform.h">
      <Filter>Header Files</Filter>
    </ClInclude>
    <ClInclude Include="include\lib\glm\simd\trigonometric.h">
      <Filter>Header Files</Filter>
    </ClInclude>
    <ClInclude Include="include\lib\glm\simd\vector_relational.h">
      <Filter>Header Files</Filter>
    </ClInclude>
    <ClInclude Include="include\lib\glm\common.hpp">
      <Filter>Header Files</Filter>
    </ClInclude>
    <ClInclude Include="include\lib\glm\exponential.hpp">
      <Filter>Header Files</Filter>
    </ClInclude>
    <ClInclude Include="include\lib\glm\ext.hpp">
      <Filter>Header Files</Filter>
    </ClInclude>
    <ClInclude Include="include\lib\glm\fwd.hpp">
      <Filter>Header Files</Filter>
    </ClInclude>
    <ClInclude Include="include\lib\glm\geometric.hpp">
      <Filter>Header Files</Filter>
    </ClInclude>
    <ClInclude Include="include\lib\glm\glm.hpp">
      <Filter>Header Files</Filter>
    </ClInclude>
    <ClInclude Include="include\lib\glm\integer.hpp">
      <Filter>Header Files</Filter>
    </ClInclude>
    <ClInclude Include="include\lib\glm\mat2x2.hpp">
      <Filter>Header Files</Filter>
    </ClInclude>
    <ClInclude Include="include\lib\glm\mat2x3.hpp">
      <Filter>Header Files</Filter>
    </ClInclude>
    <ClInclude Include="include\lib\glm\mat2x4.hpp">
      <Filter>Header Files</Filter>
    </ClInclude>
    <ClInclude Include="include\lib\glm\mat3x2.hpp">
      <Filter>Header Files</Filter>
    </ClInclude>
    <ClInclude Include="include\lib\glm\mat3x3.hpp">
      <Filter>Header Files</Filter>
    </ClInclude>
    <ClInclude Include="include\lib\glm\mat3x4.hpp">
      <Filter>Header Files</Filter>
    </ClInclude>
    <ClInclude Include="include\lib\glm\mat4x2.hpp">
      <Filter>Header Files</Filter>
    </ClInclude>
    <ClInclude Include="include\lib\glm\mat4x3.hpp">
      <Filter>Header Files</Filter>
    </ClInclude>
    <ClInclude Include="include\lib\glm\mat4x4.hpp">
      <Filter>Header Files</Filter>
    </ClInclude>
    <ClInclude Include="include\lib\glm\matrix.hpp">
      <Filter>Header Files</Filter>
    </ClInclude>
    <ClInclude Include="include\lib\glm\packing.hpp">
      <Filter>Header Files</Filter>
    </ClInclude>
    <ClInclude Include="include\lib\glm\trigonometric.hpp">
      <Filter>Header Files</Filter>
    </ClInclude>
    <ClInclude Include="include\lib\glm\vec2.hpp">
      <Filter>Header Files</Filter>
    </ClInclude>
    <ClInclude Include="include\lib\glm\vec3.hpp">
      <Filter>Header Files</Filter>
    </ClInclude>
    <ClInclude Include="include\lib\glm\vec4.hpp">
      <Filter>Header Files</Filter>
    </ClInclude>
    <ClInclude Include="include\lib\glm\vector_relational.hpp">
      <Filter>Header Files</Filter>
    </ClInclude>
    <ClInclude Include="include\Input\InputState.h">
      <Filter>Header Files</Filter>
    </ClInclude>
    <ClInclude Include="include\Input\MouseState.h">
      <Filter>Header Files</Filter>
    </ClInclude>
    <ClInclude Include="include\Input\KeyboardState.h">
      <Filter>Header Files</Filter>
    </ClInclude>
    <ClInclude Include="include\Graphics\Camera.h">
      <Filter>Header Files</Filter>
    </ClInclude>
    <ClInclude Include="include\Sprites\SpriteBatch.h">
      <Filter>Header Files</Filter>
    </ClInclude>
    <ClInclude Include="include\Game\Factory.h">
      <Filter>Header Files</Filter>
    </ClInclude>
    <ClInclude Include="include\Game\Item.h">
      <Filter>Header Files</Filter>
    </ClInclude>
    <ClInclude Include="include\Game\Data\ItemData.h">
      <Filter>Header Files</Filter>
    </ClInclude>
    <ClInclude Include="include\Game\Entities\ItemEntity.h">
      <Filter>Header Files</Filter>
    </ClInclude>
    <ClInclude Include="include\Game\Entities\MachineEntity.h">
      <Filter>Header Files</Filter>
    </ClInclude>
    <ClInclude Include="include\Game\Entities\PlayerEntity.h">
      <Filter>Header Files</Filter>
    </ClInclude>
    <ClInclude Include="include\Game\Entities\Entity.h">
      <Filter>Header Files</Filter>
    </ClInclude>
    <ClInclude Include="include\Resources\ResourceTag.h">
      <Filter>Header Files</Filter>
    </ClInclude>
    <ClInclude Include="include\Resources\Resource.h">
      <Filter>Header Files</Filter>
    </ClInclude>
    <ClInclude Include="include\Resources\ResourceCatalog.h">
      <Filter>Header Files</Filter>
    </ClInclude>
    <ClInclude Include="include\Graphics\Texture.h">
      <Filter>Header Files</Filter>
    </ClInclude>
    <ClInclude Include="include\Resources\Catalogs\SpriteAtlasCatalog.h">
      <Filter>Header Files</Filter>
    </ClInclude>
    <ClInclude Include="include\Resources\Catalogs\TextureCatalog.h">
      <Filter>Header Files</Filter>
    </ClInclude>
    <ClInclude Include="include\Input\Clock.h">
      <Filter>Header Files</Filter>
    </ClInclude>
    <ClInclude Include="include\Game\Context.h">
      <Filter>Header Files</Filter>
    </ClInclude>
    <ClInclude Include="include\Sprites\SpriteAnimator.h">
      <Filter>Header Files</Filter>
    </ClInclude>
    <ClInclude Include="include\Input\Timer.h">
      <Filter>Header Files</Filter>
    </ClInclude>
    <ClInclude Include="include\Resources\Catalogs\SpriteAnimationCatalog.h">
      <Filter>Header Files</Filter>
    </ClInclude>
    <ClInclude Include="include\Sprites\SpriteBatcher.h">
      <Filter>Header Files</Filter>
    </ClInclude>
    <ClInclude Include="include\Game\Data\MachineData.h">
      <Filter>Header Files</Filter>
    </ClInclude>
    <ClInclude Include="include\Game\Data\Recipe.h">
      <Filter>Header Files</Filter>
    </ClInclude>
    <ClInclude Include="include\Game\Data\Direction.h">
      <Filter>Header Files</Filter>
    </ClInclude>
  </ItemGroup>
  <ItemGroup>
    <None Include="shaders\sprite.hlsl" />
    <None Include="resources\sprites\animations\dog_grey_walk_up.anim" />
    <None Include="resources\sprites\atlases\sprites.atlas" />
    <None Include="resources\shaders\sprite.hlsl" />
    <None Include="include\lib\glm\detail\func_common.inl">
      <Filter>Header Files</Filter>
    </None>
    <None Include="include\lib\glm\detail\func_common_simd.inl">
      <Filter>Header Files</Filter>
    </None>
    <None Include="include\lib\glm\detail\func_exponential.inl">
      <Filter>Header Files</Filter>
    </None>
    <None Include="include\lib\glm\detail\func_exponential_simd.inl">
      <Filter>Header Files</Filter>
    </None>
    <None Include="include\lib\glm\detail\func_geometric.inl">
      <Filter>Header Files</Filter>
    </None>
    <None Include="include\lib\glm\detail\func_geometric_simd.inl">
      <Filter>Header Files</Filter>
    </None>
    <None Include="include\lib\glm\detail\func_integer.inl">
      <Filter>Header Files</Filter>
    </None>
    <None Include="include\lib\glm\detail\func_integer_simd.inl">
      <Filter>Header Files</Filter>
    </None>
    <None Include="include\lib\glm\detail\func_matrix.inl">
      <Filter>Header Files</Filter>
    </None>
    <None Include="include\lib\glm\detail\func_matrix_simd.inl">
      <Filter>Header Files</Filter>
    </None>
    <None Include="include\lib\glm\detail\func_packing.inl">
      <Filter>Header Files</Filter>
    </None>
    <None Include="include\lib\glm\detail\func_packing_simd.inl">
      <Filter>Header Files</Filter>
    </None>
    <None Include="include\lib\glm\detail\func_trigonometric.inl">
      <Filter>Header Files</Filter>
    </None>
    <None Include="include\lib\glm\detail\func_trigonometric_simd.inl">
      <Filter>Header Files</Filter>
    </None>
    <None Include="include\lib\glm\detail\func_vector_relational.inl">
      <Filter>Header Files</Filter>
    </None>
    <None Include="include\lib\glm\detail\func_vector_relational_simd.inl">
      <Filter>Header Files</Filter>
    </None>
    <None Include="include\lib\glm\detail\type_gentype.inl">
      <Filter>Header Files</Filter>
    </None>
    <None Include="include\lib\glm\detail\type_half.inl">
      <Filter>Header Files</Filter>
    </None>
    <None Include="include\lib\glm\detail\type_mat.inl">
      <Filter>Header Files</Filter>
    </None>
    <None Include="include\lib\glm\detail\type_mat2x2.inl">
      <Filter>Header Files</Filter>
    </None>
    <None Include="include\lib\glm\detail\type_mat2x3.inl">
      <Filter>Header Files</Filter>
    </None>
    <None Include="include\lib\glm\detail\type_mat2x4.inl">
      <Filter>Header Files</Filter>
    </None>
    <None Include="include\lib\glm\detail\type_mat3x2.inl">
      <Filter>Header Files</Filter>
    </None>
    <None Include="include\lib\glm\detail\type_mat3x3.inl">
      <Filter>Header Files</Filter>
    </None>
    <None Include="include\lib\glm\detail\type_mat3x4.inl">
      <Filter>Header Files</Filter>
    </None>
    <None Include="include\lib\glm\detail\type_mat4x2.inl">
      <Filter>Header Files</Filter>
    </None>
    <None Include="include\lib\glm\detail\type_mat4x3.inl">
      <Filter>Header Files</Filter>
    </None>
    <None Include="include\lib\glm\detail\type_mat4x4.inl">
      <Filter>Header Files</Filter>
    </None>
    <None Include="include\lib\glm\detail\type_mat4x4_simd.inl">
      <Filter>Header Files</Filter>
    </None>
    <None Include="include\lib\glm\detail\type_vec.inl">
      <Filter>Header Files</Filter>
    </None>
    <None Include="include\lib\glm\detail\type_vec1.inl">
      <Filter>Header Files</Filter>
    </None>
    <None Include="include\lib\glm\detail\type_vec2.inl">
      <Filter>Header Files</Filter>
    </None>
    <None Include="include\lib\glm\detail\type_vec3.inl">
      <Filter>Header Files</Filter>
    </None>
    <None Include="include\lib\glm\detail\type_vec4.inl">
      <Filter>Header Files</Filter>
    </None>
    <None Include="include\lib\glm\detail\type_vec4_simd.inl">
      <Filter>Header Files</Filter>
    </None>
    <None Include="include\lib\glm\gtc\bitfield.inl">
      <Filter>Header Files</Filter>
    </None>
    <None Include="include\lib\glm\gtc\color_space.inl">
      <Filter>Header Files</Filter>
    </None>
    <None Include="include\lib\glm\gtc\constants.inl">
      <Filter>Header Files</Filter>
    </None>
    <None Include="include\lib\glm\gtc\epsilon.inl">
      <Filter>Header Files</Filter>
    </None>
    <None Include="include\lib\glm\gtc\functions.inl">
      <Filter>Header Files</Filter>
    </None>
    <None Include="include\lib\glm\gtc\integer.inl">
      <Filter>Header Files</Filter>
    </None>
    <None Include="include\lib\glm\gtc\matrix_access.inl">
      <Filter>Header Files</Filter>
    </None>
    <None Include="include\lib\glm\gtc\matrix_inverse.inl">
      <Filter>Header Files</Filter>
    </None>
    <None Include="include\lib\glm\gtc\matrix_transform.inl">
      <Filter>Header Files</Filter>
    </None>
    <None Include="include\lib\glm\gtc\noise.inl">
      <Filter>Header Files</Filter>
    </None>
    <None Include="include\lib\glm\gtc\packing.inl">
      <Filter>Header Files</Filter>
    </None>
    <None Include="include\lib\glm\gtc\quaternion.inl">
      <Filter>Header Files</Filter>
    </None>
    <None Include="include\lib\glm\gtc\quaternion_simd.inl">
      <Filter>Header Files</Filter>
    </None>
    <None Include="include\lib\glm\gtc\random.inl">
      <Filter>Header Files</Filter>
    </None>
    <None Include="include\lib\glm\gtc\reciprocal.inl">
      <Filter>Header Files</Filter>
    </None>
    <None Include="include\lib\glm\gtc\round.inl">
      <Filter>Header Files</Filter>
    </None>
    <None Include="include\lib\glm\gtc\type_precision.inl">
      <Filter>Header Files</Filter>
    </None>
    <None Include="include\lib\glm\gtc\type_ptr.inl">
      <Filter>Header Files</Filter>
    </None>
    <None Include="include\lib\glm\gtc\ulp.inl">
      <Filter>Header Files</Filter>
    </None>
    <None Include="include\lib\glm\gtc\vec1.inl">
      <Filter>Header Files</Filter>
    </None>
    <None Include="include\lib\glm\gtx\associated_min_max.inl">
      <Filter>Header Files</Filter>
    </None>
    <None Include="include\lib\glm\gtx\bit.inl">
      <Filter>Header Files</Filter>
    </None>
    <None Include="include\lib\glm\gtx\closest_point.inl">
      <Filter>Header Files</Filter>
    </None>
    <None Include="include\lib\glm\gtx\color_space.inl">
      <Filter>Header Files</Filter>
    </None>
    <None Include="include\lib\glm\gtx\color_space_YCoCg.inl">
      <Filter>Header Files</Filter>
    </None>
    <None Include="include\lib\glm\gtx\common.inl">
      <Filter>Header Files</Filter>
    </None>
    <None Include="include\lib\glm\gtx\compatibility.inl">
      <Filter>Header Files</Filter>
    </None>
    <None Include="include\lib\glm\gtx\component_wise.inl">
      <Filter>Header Files</Filter>
    </None>
    <None Include="include\lib\glm\gtx\dual_quaternion.inl">
      <Filter>Header Files</Filter>
    </None>
    <None Include="include\lib\glm\gtx\euler_angles.inl">
      <Filter>Header Files</Filter>
    </None>
    <None Include="include\lib\glm\gtx\extend.inl">
      <Filter>Header Files</Filter>
    </None>
    <None Include="include\lib\glm\gtx\extended_min_max.inl">
      <Filter>Header Files</Filter>
    </None>
    <None Include="include\lib\glm\gtx\fast_exponential.inl">
      <Filter>Header Files</Filter>
    </None>
    <None Include="include\lib\glm\gtx\fast_square_root.inl">
      <Filter>Header Files</Filter>
    </None>
    <None Include="include\lib\glm\gtx\fast_trigonometry.inl">
      <Filter>Header Files</Filter>
    </None>
    <None Include="include\lib\glm\gtx\float_notmalize.inl">
      <Filter>Header Files</Filter>
    </None>
    <None Include="include\lib\glm\gtx\gradient_paint.inl">
      <Filter>Header Files</Filter>
    </None>
    <None Include="include\lib\glm\gtx\handed_coordinate_space.inl">
      <Filter>Header Files</Filter>
    </None>
    <None Include="include\lib\glm\gtx\hash.inl">
      <Filter>Header Files</Filter>
    </None>
    <None Include="include\lib\glm\gtx\integer.inl">
      <Filter>Header Files</Filter>
    </None>
    <None Include="include\lib\glm\gtx\intersect.inl">
      <Filter>Header Files</Filter>
    </None>
    <None Include="include\lib\glm\gtx\io.inl">
      <Filter>Header Files</Filter>
    </None>
    <None Include="include\lib\glm\gtx\log_base.inl">
      <Filter>Header Files</Filter>
    </None>
    <None Include="include\lib\glm\gtx\matrix_cross_product.inl">
      <Filter>Header Files</Filter>
    </None>
    <None Include="include\lib\glm\gtx\matrix_decompose.inl">
      <Filter>Header Files</Filter>
    </None>
    <None Include="include\lib\glm\gtx\matrix_interpolation.inl">
      <Filter>Header Files</Filter>
    </None>
    <None Include="include\lib\glm\gtx\matrix_major_storage.inl">
      <Filter>Header Files</Filter>
    </None>
    <None Include="include\lib\glm\gtx\matrix_operation.inl">
      <Filter>Header Files</Filter>
    </None>
    <None Include="include\lib\glm\gtx\matrix_query.inl">
      <Filter>Header Files</Filter>
    </None>
    <None Include="include\lib\glm\gtx\matrix_transform_2d.inl">
      <Filter>Header Files</Filter>
    </None>
    <None Include="include\lib\glm\gtx\mixed_product.inl">
      <Filter>Header Files</Filter>
    </None>
    <None Include="include\lib\glm\gtx\norm.inl">
      <Filter>Header Files</Filter>
    </None>
    <None Include="include\lib\glm\gtx\normal.inl">
      <Filter>Header Files</Filter>
    </None>
    <None Include="include\lib\glm\gtx\normalize_dot.inl">
      <Filter>Header Files</Filter>
    </None>
    <None Include="include\lib\glm\gtx\number_precision.inl">
      <Filter>Header Files</Filter>
    </None>
    <None Include="include\lib\glm\gtx\optimum_pow.inl">
      <Filter>Header Files</Filter>
    </None>
    <None Include="include\lib\glm\gtx\orthonormalize.inl">
      <Filter>Header Files</Filter>
    </None>
    <None Include="include\lib\glm\gtx\perpendicular.inl">
      <Filter>Header Files</Filter>
    </None>
    <None Include="include\lib\glm\gtx\polar_coordinates.inl">
      <Filter>Header Files</Filter>
    </None>
    <None Include="include\lib\glm\gtx\projection.inl">
      <Filter>Header Files</Filter>
    </None>
    <None Include="include\lib\glm\gtx\quaternion.inl">
      <Filter>Header Files</Filter>
    </None>
    <None Include="include\lib\glm\gtx\raw_data.inl">
      <Filter>Header Files</Filter>
    </None>
    <None Include="include\lib\glm\gtx\rotate_normalized_axis.inl">
      <Filter>Header Files</Filter>
    </None>
    <None Include="include\lib\glm\gtx\rotate_vector.inl">
      <Filter>Header Files</Filter>
    </None>
    <None Include="include\lib\glm\gtx\scalar_relational.inl">
      <Filter>Header Files</Filter>
    </None>
    <None Include="include\lib\glm\gtx\spline.inl">
      <Filter>Header Files</Filter>
    </None>
    <None Include="include\lib\glm\gtx\std_based_type.inl">
      <Filter>Header Files</Filter>
    </None>
    <None Include="include\lib\glm\gtx\string_cast.inl">
      <Filter>Header Files</Filter>
    </None>
    <None Include="include\lib\glm\gtx\transform.inl">
      <Filter>Header Files</Filter>
    </None>
    <None Include="include\lib\glm\gtx\transform2.inl">
      <Filter>Header Files</Filter>
    </None>
    <None Include="include\lib\glm\gtx\type_aligned.inl">
      <Filter>Header Files</Filter>
    </None>
    <None Include="include\lib\glm\gtx\type_trait.inl">
      <Filter>Header Files</Filter>
    </None>
    <None Include="include\lib\glm\gtx\vector_angle.inl">
      <Filter>Header Files</Filter>
    </None>
    <None Include="include\lib\glm\gtx\vector_query.inl">
      <Filter>Header Files</Filter>
    </None>
    <None Include="include\lib\glm\gtx\wrap.inl">
      <Filter>Header Files</Filter>
    </None>
    <None Include="resources\sprites\atlases\counters.atlas" />
    <None Include="resources\sprites\atlases\dogs.atlas" />
    <None Include="resources\sprites\atlases\wood_floors.atlas" />
    <None Include="resources\sprites\animations\dog_brown_walk_down.anim" />
    <None Include="resources\sprites\animations\dog_brown_walk_left.anim" />
    <None Include="resources\sprites\animations\dog_brown_walk_right.anim" />
    <None Include="resources\sprites\animations\dog_brown_walk_up.anim" />
    <None Include="resources\sprites\animations\dog_grey_walk_down.anim" />
    <None Include="resources\sprites\animations\dog_grey_walk_left.anim" />
    <None Include="resources\sprites\animations\dog_grey_walk_right.anim" />
    <None Include="resources\sprites\animations\dog_shirt_walk_down.anim" />
    <None Include="resources\sprites\animations\dog_shirt_walk_left.anim" />
    <None Include="resources\sprites\animations\dog_shirt_walk_right.anim" />
    <None Include="resources\sprites\animations\dog_shirt_walk_up.anim" />
    <None Include="resources\sprites\animations\dog_tan_walk_down.anim" />
    <None Include="resources\sprites\animations\dog_tan_walk_left.anim" />
    <None Include="resources\sprites\animations\dog_tan_walk_right.anim" />
    <None Include="resources\sprites\animations\dog_tan_walk_up.anim" />
  </ItemGroup>
  <ItemGroup>
    <Image Include="resources\sprites\images\sprites.png">
      <Filter>Resource Files</Filter>
    </Image>
    <Image Include="resources\sprites\images\counters.png">
      <Filter>Resource Files</Filter>
    </Image>
    <Image Include="resources\sprites\images\dogs.png">
      <Filter>Resource Files</Filter>
    </Image>
    <Image Include="resources\sprites\images\wood_floors.png">
      <Filter>Resource Files</Filter>
    </Image>
  </ItemGroup>
</Project>